[[package]]
name = "appnope"
version = "0.1.2"
description = "Disable App Nap on macOS >= 10.9"
category = "dev"
optional = false
python-versions = "*"

[[package]]
name = "avro"
version = "1.10.2"
description = "Avro is a serialization and RPC framework."
category = "dev"
optional = false
python-versions = ">=2.7"

[package.extras]
snappy = ["python-snappy"]
zstandard = ["zstandard"]

[[package]]
name = "backcall"
version = "0.2.0"
description = "Specifications for callback functions passed in to an API"
category = "dev"
optional = false
python-versions = "*"

[[package]]
name = "colorama"
version = "0.4.4"
description = "Cross-platform colored terminal text."
category = "dev"
optional = false
python-versions = ">=2.7, !=3.0.*, !=3.1.*, !=3.2.*, !=3.3.*, !=3.4.*"

[[package]]
name = "decorator"
version = "5.0.9"
description = "Decorators for Humans"
category = "dev"
optional = false
python-versions = ">=3.5"

[[package]]
name = "h5py"
version = "3.3.0"
description = "Read and write HDF5 files from Python"
category = "dev"
optional = false
python-versions = ">=3.7"

[package.dependencies]
numpy = {version = ">=1.19.3", markers = "python_version >= \"3.9\""}

[[package]]
name = "ipython"
version = "7.25.0"
description = "IPython: Productive Interactive Computing"
category = "dev"
optional = false
python-versions = ">=3.7"

[package.dependencies]
appnope = {version = "*", markers = "sys_platform == \"darwin\""}
backcall = "*"
colorama = {version = "*", markers = "sys_platform == \"win32\""}
decorator = "*"
jedi = ">=0.16"
matplotlib-inline = "*"
pexpect = {version = ">4.3", markers = "sys_platform != \"win32\""}
pickleshare = "*"
prompt-toolkit = ">=2.0.0,<3.0.0 || >3.0.0,<3.0.1 || >3.0.1,<3.1.0"
pygments = "*"
traitlets = ">=4.2"

[package.extras]
all = ["Sphinx (>=1.3)", "ipykernel", "ipyparallel", "ipywidgets", "nbconvert", "nbformat", "nose (>=0.10.1)", "notebook", "numpy (>=1.17)", "pygments", "qtconsole", "requests", "testpath"]
doc = ["Sphinx (>=1.3)"]
kernel = ["ipykernel"]
nbconvert = ["nbconvert"]
nbformat = ["nbformat"]
notebook = ["notebook", "ipywidgets"]
parallel = ["ipyparallel"]
qtconsole = ["qtconsole"]
test = ["nose (>=0.10.1)", "requests", "testpath", "pygments", "nbformat", "ipykernel", "numpy (>=1.17)"]

[[package]]
name = "ipython-genutils"
version = "0.2.0"
description = "Vestigial utilities from IPython"
category = "dev"
optional = false
python-versions = "*"

[[package]]
name = "jedi"
version = "0.18.0"
description = "An autocompletion tool for Python that can be used for text editors."
category = "dev"
optional = false
python-versions = ">=3.6"

[package.dependencies]
parso = ">=0.8.0,<0.9.0"

[package.extras]
qa = ["flake8 (==3.8.3)", "mypy (==0.782)"]
testing = ["Django (<3.1)", "colorama", "docopt", "pytest (<6.0.0)"]

[[package]]
name = "matplotlib-inline"
version = "0.1.2"
description = "Inline Matplotlib backend for Jupyter"
category = "dev"
optional = false
python-versions = ">=3.5"

[package.dependencies]
traitlets = "*"

[[package]]
name = "numpy"
version = "1.21.0"
description = "NumPy is the fundamental package for array computing with Python."
category = "dev"
optional = false
python-versions = ">=3.7"

[[package]]
name = "pandas"
version = "1.2.5"
description = "Powerful data structures for data analysis, time series, and statistics"
category = "dev"
optional = false
python-versions = ">=3.7.1"

[package.dependencies]
numpy = ">=1.16.5"
python-dateutil = ">=2.7.3"
pytz = ">=2017.3"

[package.extras]
test = ["pytest (>=5.0.1)", "pytest-xdist", "hypothesis (>=3.58)"]

[[package]]
name = "parso"
version = "0.8.2"
description = "A Python Parser"
category = "dev"
optional = false
python-versions = ">=3.6"

[package.extras]
qa = ["flake8 (==3.8.3)", "mypy (==0.782)"]
testing = ["docopt", "pytest (<6.0.0)"]

[[package]]
name = "pexpect"
version = "4.8.0"
description = "Pexpect allows easy control of interactive console applications."
category = "dev"
optional = false
python-versions = "*"

[package.dependencies]
ptyprocess = ">=0.5"

[[package]]
name = "pickleshare"
version = "0.7.5"
description = "Tiny 'shelve'-like database with concurrency support"
category = "dev"
optional = false
python-versions = "*"

[[package]]
name = "prompt-toolkit"
version = "3.0.19"
description = "Library for building powerful interactive command lines in Python"
category = "dev"
optional = false
python-versions = ">=3.6.1"

[package.dependencies]
wcwidth = "*"

[[package]]
name = "ptyprocess"
version = "0.7.0"
description = "Run a subprocess in a pseudo terminal"
category = "dev"
optional = false
python-versions = "*"

[[package]]
name = "pygments"
version = "2.9.0"
description = "Pygments is a syntax highlighting package written in Python."
category = "dev"
optional = false
python-versions = ">=3.5"

[[package]]
name = "python-dateutil"
version = "2.8.1"
description = "Extensions to the standard Python datetime module"
category = "dev"
optional = false
python-versions = "!=3.0.*,!=3.1.*,!=3.2.*,>=2.7"

[package.dependencies]
six = ">=1.5"

[[package]]
name = "python-snappy"
version = "0.6.0"
description = "Python library for the snappy compression library from Google"
category = "dev"
optional = false
python-versions = "*"

[[package]]
name = "pytz"
version = "2021.1"
description = "World timezone definitions, modern and historical"
category = "dev"
optional = false
python-versions = "*"

[[package]]
name = "six"
version = "1.16.0"
description = "Python 2 and 3 compatibility utilities"
category = "dev"
optional = false
python-versions = ">=2.7, !=3.0.*, !=3.1.*, !=3.2.*"

[[package]]
name = "traitlets"
version = "5.0.5"
description = "Traitlets Python configuration system"
category = "dev"
optional = false
python-versions = ">=3.7"

[package.dependencies]
ipython-genutils = "*"

[package.extras]
test = ["pytest"]

[[package]]
name = "wcwidth"
version = "0.2.5"
description = "Measures the displayed width of unicode strings in a terminal"
category = "dev"
optional = false
python-versions = "*"

[metadata]
lock-version = "1.1"
python-versions = "^3.9"
content-hash = "067dfdb6566ff6a1b6066ed749d0a5242f62a9df2e4777ce8c22dfa355e79fbe"

[metadata.files]
appnope = [
    {file = "appnope-0.1.2-py2.py3-none-any.whl", hash = "sha256:93aa393e9d6c54c5cd570ccadd8edad61ea0c4b9ea7a01409020c9aa019eb442"},
    {file = "appnope-0.1.2.tar.gz", hash = "sha256:dd83cd4b5b460958838f6eb3000c660b1f9caf2a5b1de4264e941512f603258a"},
]
avro = [
    {file = "avro-1.10.2.tar.gz", hash = "sha256:381b990cc4c4444743c3297348ffd46e0c3a5d7a17e15b2f4a9042f6e955c31a"},
]
backcall = [
    {file = "backcall-0.2.0-py2.py3-none-any.whl", hash = "sha256:fbbce6a29f263178a1f7915c1940bde0ec2b2a967566fe1c65c1dfb7422bd255"},
    {file = "backcall-0.2.0.tar.gz", hash = "sha256:5cbdbf27be5e7cfadb448baf0aa95508f91f2bbc6c6437cd9cd06e2a4c215e1e"},
]
colorama = [
    {file = "colorama-0.4.4-py2.py3-none-any.whl", hash = "sha256:9f47eda37229f68eee03b24b9748937c7dc3868f906e8ba69fbcbdd3bc5dc3e2"},
    {file = "colorama-0.4.4.tar.gz", hash = "sha256:5941b2b48a20143d2267e95b1c2a7603ce057ee39fd88e7329b0c292aa16869b"},
]
decorator = [
    {file = "decorator-5.0.9-py3-none-any.whl", hash = "sha256:6e5c199c16f7a9f0e3a61a4a54b3d27e7dad0dbdde92b944426cb20914376323"},
    {file = "decorator-5.0.9.tar.gz", hash = "sha256:72ecfba4320a893c53f9706bebb2d55c270c1e51a28789361aa93e4a21319ed5"},
]
h5py = [
    {file = "h5py-3.3.0-cp37-cp37m-macosx_10_9_x86_64.whl", hash = "sha256:f3bba8ffddd1fd2bf06127c5ff7b73f022cc1c8b7164355ddc760dc3f8570136"},
    {file = "h5py-3.3.0-cp37-cp37m-manylinux_2_12_x86_64.manylinux2010_x86_64.whl", hash = "sha256:baef1a2cdef287a83e7f95ce9e0f4d762a9852fe7117b471063442c78b973695"},
    {file = "h5py-3.3.0-cp37-cp37m-win_amd64.whl", hash = "sha256:8e09b682e4059c8cd259ddcc34bee35d639b9170105efeeae6ad195e7c1cea7a"},
    {file = "h5py-3.3.0-cp38-cp38-macosx_10_9_x86_64.whl", hash = "sha256:89d7e10409b62fed81c571e35798763cb8375442b98f8ebfc52ba41ac019e081"},
    {file = "h5py-3.3.0-cp38-cp38-manylinux_2_12_x86_64.manylinux2010_x86_64.whl", hash = "sha256:7ca7d23ebbdd59a4be9b4820de52fe67adc74e6a44d5084881305461765aac47"},
    {file = "h5py-3.3.0-cp38-cp38-win_amd64.whl", hash = "sha256:e0ea3330bf136f8213e43db67448994046ce501585dddc7ea4e8ceef0ef1600c"},
    {file = "h5py-3.3.0-cp39-cp39-macosx_10_9_x86_64.whl", hash = "sha256:13355234c004ff8bd819f7d3420188aa1936b17d7f8470d622974a373421b7a5"},
    {file = "h5py-3.3.0-cp39-cp39-manylinux_2_12_x86_64.manylinux2010_x86_64.whl", hash = "sha256:09e78cefdef0b7566ab66366c5c7d9984c7b23142245bd51b82b744ad1eebf65"},
    {file = "h5py-3.3.0-cp39-cp39-win_amd64.whl", hash = "sha256:5e2f22e66a3fb1815405cfe5711670450c973b8552507c535a546a23a468af3d"},
    {file = "h5py-3.3.0.tar.gz", hash = "sha256:e0dac887d779929778b3cfd13309a939359cc9e74756fc09af7c527a82797186"},
]
ipython = [
    {file = "ipython-7.25.0-py3-none-any.whl", hash = "sha256:aa21412f2b04ad1a652e30564fff6b4de04726ce875eab222c8430edc6db383a"},
    {file = "ipython-7.25.0.tar.gz", hash = "sha256:54bbd1fe3882457aaf28ae060a5ccdef97f212a741754e420028d4ec5c2291dc"},
]
ipython-genutils = [
    {file = "ipython_genutils-0.2.0-py2.py3-none-any.whl", hash = "sha256:72dd37233799e619666c9f639a9da83c34013a73e8bbc79a7a6348d93c61fab8"},
    {file = "ipython_genutils-0.2.0.tar.gz", hash = "sha256:eb2e116e75ecef9d4d228fdc66af54269afa26ab4463042e33785b887c628ba8"},
]
jedi = [
    {file = "jedi-0.18.0-py2.py3-none-any.whl", hash = "sha256:18456d83f65f400ab0c2d3319e48520420ef43b23a086fdc05dff34132f0fb93"},
    {file = "jedi-0.18.0.tar.gz", hash = "sha256:92550a404bad8afed881a137ec9a461fed49eca661414be45059329614ed0707"},
]
matplotlib-inline = [
    {file = "matplotlib-inline-0.1.2.tar.gz", hash = "sha256:f41d5ff73c9f5385775d5c0bc13b424535c8402fe70ea8210f93e11f3683993e"},
    {file = "matplotlib_inline-0.1.2-py3-none-any.whl", hash = "sha256:5cf1176f554abb4fa98cb362aa2b55c500147e4bdbb07e3fda359143e1da0811"},
]
numpy = [
    {file = "numpy-1.21.0-cp37-cp37m-macosx_10_9_x86_64.whl", hash = "sha256:d5caa946a9f55511e76446e170bdad1d12d6b54e17a2afe7b189112ed4412bb8"},
    {file = "numpy-1.21.0-cp37-cp37m-manylinux_2_12_i686.manylinux2010_i686.whl", hash = "sha256:ac4fd578322842dbda8d968e3962e9f22e862b6ec6e3378e7415625915e2da4d"},
    {file = "numpy-1.21.0-cp37-cp37m-manylinux_2_12_x86_64.manylinux2010_x86_64.whl", hash = "sha256:598fe100b2948465cf3ed64b1a326424b5e4be2670552066e17dfaa67246011d"},
    {file = "numpy-1.21.0-cp37-cp37m-manylinux_2_17_aarch64.manylinux2014_aarch64.whl", hash = "sha256:7c55407f739f0bfcec67d0df49103f9333edc870061358ac8a8c9e37ea02fcd2"},
    {file = "numpy-1.21.0-cp37-cp37m-manylinux_2_5_i686.manylinux1_i686.whl", hash = "sha256:75579acbadbf74e3afd1153da6177f846212ea2a0cc77de53523ae02c9256513"},
    {file = "numpy-1.21.0-cp37-cp37m-manylinux_2_5_x86_64.manylinux1_x86_64.whl", hash = "sha256:cc367c86eb87e5b7c9592935620f22d13b090c609f1b27e49600cd033b529f54"},
    {file = "numpy-1.21.0-cp37-cp37m-win32.whl", hash = "sha256:d89b0dc7f005090e32bb4f9bf796e1dcca6b52243caf1803fdd2b748d8561f63"},
    {file = "numpy-1.21.0-cp37-cp37m-win_amd64.whl", hash = "sha256:eda2829af498946c59d8585a9fd74da3f810866e05f8df03a86f70079c7531dd"},
    {file = "numpy-1.21.0-cp38-cp38-macosx_10_9_universal2.whl", hash = "sha256:1a784e8ff7ea2a32e393cc53eb0003eca1597c7ca628227e34ce34eb11645a0e"},
    {file = "numpy-1.21.0-cp38-cp38-macosx_10_9_x86_64.whl", hash = "sha256:bba474a87496d96e61461f7306fba2ebba127bed7836212c360f144d1e72ac54"},
    {file = "numpy-1.21.0-cp38-cp38-macosx_11_0_arm64.whl", hash = "sha256:fd0a359c1c17f00cb37de2969984a74320970e0ceef4808c32e00773b06649d9"},
    {file = "numpy-1.21.0-cp38-cp38-manylinux_2_12_i686.manylinux2010_i686.whl", hash = "sha256:e4d5a86a5257843a18fb1220c5f1c199532bc5d24e849ed4b0289fb59fbd4d8f"},
    {file = "numpy-1.21.0-cp38-cp38-manylinux_2_12_x86_64.manylinux2010_x86_64.whl", hash = "sha256:620732f42259eb2c4642761bd324462a01cdd13dd111740ce3d344992dd8492f"},
    {file = "numpy-1.21.0-cp38-cp38-manylinux_2_17_aarch64.manylinux2014_aarch64.whl", hash = "sha256:b9205711e5440954f861ceeea8f1b415d7dd15214add2e878b4d1cf2bcb1a914"},
    {file = "numpy-1.21.0-cp38-cp38-manylinux_2_5_i686.manylinux1_i686.whl", hash = "sha256:ad09f55cc95ed8d80d8ab2052f78cc21cb231764de73e229140d81ff49d8145e"},
    {file = "numpy-1.21.0-cp38-cp38-manylinux_2_5_x86_64.manylinux1_x86_64.whl", hash = "sha256:a1f2fb2da242568af0271455b89aee0f71e4e032086ee2b4c5098945d0e11cf6"},
    {file = "numpy-1.21.0-cp38-cp38-win32.whl", hash = "sha256:e58ddb53a7b4959932f5582ac455ff90dcb05fac3f8dcc8079498d43afbbde6c"},
    {file = "numpy-1.21.0-cp38-cp38-win_amd64.whl", hash = "sha256:d2910d0a075caed95de1a605df00ee03b599de5419d0b95d55342e9a33ad1fb3"},
    {file = "numpy-1.21.0-cp39-cp39-macosx_10_9_universal2.whl", hash = "sha256:a290989cd671cd0605e9c91a70e6df660f73ae87484218e8285c6522d29f6e38"},
    {file = "numpy-1.21.0-cp39-cp39-macosx_10_9_x86_64.whl", hash = "sha256:3537b967b350ad17633b35c2f4b1a1bbd258c018910b518c30b48c8e41272717"},
    {file = "numpy-1.21.0-cp39-cp39-macosx_11_0_arm64.whl", hash = "sha256:ccc6c650f8700ce1e3a77668bb7c43e45c20ac06ae00d22bdf6760b38958c883"},
    {file = "numpy-1.21.0-cp39-cp39-manylinux_2_12_i686.manylinux2010_i686.whl", hash = "sha256:709884863def34d72b183d074d8ba5cfe042bc3ff8898f1ffad0209161caaa99"},
    {file = "numpy-1.21.0-cp39-cp39-manylinux_2_12_x86_64.manylinux2010_x86_64.whl", hash = "sha256:bebab3eaf0641bba26039fb0b2c5bf9b99407924b53b1ea86e03c32c64ef5aef"},
    {file = "numpy-1.21.0-cp39-cp39-manylinux_2_17_aarch64.manylinux2014_aarch64.whl", hash = "sha256:cf680682ad0a3bef56dae200dbcbac2d57294a73e5b0f9864955e7dd7c2c2491"},
    {file = "numpy-1.21.0-cp39-cp39-win32.whl", hash = "sha256:d95d16204cd51ff1a1c8d5f9958ce90ae190be81d348b514f9be39f878b8044a"},
    {file = "numpy-1.21.0-cp39-cp39-win_amd64.whl", hash = "sha256:2ba579dde0563f47021dcd652253103d6fd66165b18011dce1a0609215b2791e"},
    {file = "numpy-1.21.0-pp37-pypy37_pp73-manylinux_2_12_x86_64.manylinux2010_x86_64.whl", hash = "sha256:3c40e6b860220ed862e8097b8f81c9af6d7405b723f4a7af24a267b46f90e461"},
    {file = "numpy-1.21.0.zip", hash = "sha256:e80fe25cba41c124d04c662f33f6364909b985f2eb5998aaa5ae4b9587242cce"},
]
pandas = [
    {file = "pandas-1.2.5-cp37-cp37m-macosx_10_9_x86_64.whl", hash = "sha256:1102d719038e134e648e7920672188a00375f3908f0383fd3b202fbb9d2c3a95"},
    {file = "pandas-1.2.5-cp37-cp37m-manylinux_2_5_i686.manylinux1_i686.whl", hash = "sha256:38e7486410de23069392bdf1dc7297ae75d2d67531750753f3149c871cd1c6e3"},
    {file = "pandas-1.2.5-cp37-cp37m-manylinux_2_5_x86_64.manylinux1_x86_64.whl", hash = "sha256:94ca6ea3f46f44a979a38a4d5a70a88cee734f7248d7aeeed202e6b3ba485af1"},
    {file = "pandas-1.2.5-cp37-cp37m-win32.whl", hash = "sha256:821d92466fcd2826656374a9b6fe4f2ec2ba5e370cce71d5a990577929d948df"},
    {file = "pandas-1.2.5-cp37-cp37m-win_amd64.whl", hash = "sha256:0dbd125b0e44e5068163cbc9080a00db1756a5e36309329ae14fd259747f2300"},
    {file = "pandas-1.2.5-cp38-cp38-macosx_10_9_x86_64.whl", hash = "sha256:7b09293c7119ab22ab3f7f086f813ac2acbfa3bcaaaeb650f4cddfb5b9fa9be4"},
    {file = "pandas-1.2.5-cp38-cp38-manylinux_2_17_aarch64.manylinux2014_aarch64.whl", hash = "sha256:fc9215dd1dd836ff26b896654e66b2dfcf4bbb18aa4c1089a79bab527b665a90"},
    {file = "pandas-1.2.5-cp38-cp38-manylinux_2_5_i686.manylinux1_i686.whl", hash = "sha256:e36515163829e0e95a6af10820f178dd8768102482c01872bff8ae592e508e58"},
    {file = "pandas-1.2.5-cp38-cp38-manylinux_2_5_x86_64.manylinux1_x86_64.whl", hash = "sha256:0c34b89215f984a9e4956446e0a29330d720085efa08ea72022387ee37d8b373"},
    {file = "pandas-1.2.5-cp38-cp38-win32.whl", hash = "sha256:f20e4b8a7909f5a0c0a9e745091e3ea18b45af9f73496a4d498688badbdac7ea"},
    {file = "pandas-1.2.5-cp38-cp38-win_amd64.whl", hash = "sha256:9244fb0904512b074d8c6362fb13aac1da6c4db94372760ddb2565c620240264"},
    {file = "pandas-1.2.5-cp39-cp39-macosx_10_9_x86_64.whl", hash = "sha256:c862cd72353921c102166784fc4db749f1c3b691dd017fc36d9df2c67a9afe4e"},
    {file = "pandas-1.2.5-cp39-cp39-manylinux_2_17_aarch64.manylinux2014_aarch64.whl", hash = "sha256:d9e6edddeac9a8e473391d2d2067bb3c9dc7ad79fd137af26a39ee425c2b4c78"},
    {file = "pandas-1.2.5-cp39-cp39-manylinux_2_5_i686.manylinux1_i686.whl", hash = "sha256:a67227e17236442c6bc31c02cb713b5277b26eee204eac14b5aecba52492e3a3"},
    {file = "pandas-1.2.5-cp39-cp39-manylinux_2_5_x86_64.manylinux1_x86_64.whl", hash = "sha256:4bfbf62b00460f78a8bc4407112965c5ab44324f34551e8e1f4cac271a07706c"},
    {file = "pandas-1.2.5-cp39-cp39-win32.whl", hash = "sha256:25fc8ef6c6beb51c9224284a1ad89dfb591832f23ceff78845f182de35c52356"},
    {file = "pandas-1.2.5-cp39-cp39-win_amd64.whl", hash = "sha256:78de96c1174bcfdbe8dece9c38c2d7994e407fd8bb62146bb46c61294bcc06ef"},
    {file = "pandas-1.2.5.tar.gz", hash = "sha256:14abb8ea73fce8aebbb1fb44bec809163f1c55241bcc1db91c2c780e97265033"},
]
parso = [
    {file = "parso-0.8.2-py2.py3-none-any.whl", hash = "sha256:a8c4922db71e4fdb90e0d0bc6e50f9b273d3397925e5e60a717e719201778d22"},
    {file = "parso-0.8.2.tar.gz", hash = "sha256:12b83492c6239ce32ff5eed6d3639d6a536170723c6f3f1506869f1ace413398"},
]
pexpect = [
    {file = "pexpect-4.8.0-py2.py3-none-any.whl", hash = "sha256:0b48a55dcb3c05f3329815901ea4fc1537514d6ba867a152b581d69ae3710937"},
    {file = "pexpect-4.8.0.tar.gz", hash = "sha256:fc65a43959d153d0114afe13997d439c22823a27cefceb5ff35c2178c6784c0c"},
]
pickleshare = [
    {file = "pickleshare-0.7.5-py2.py3-none-any.whl", hash = "sha256:9649af414d74d4df115d5d718f82acb59c9d418196b7b4290ed47a12ce62df56"},
    {file = "pickleshare-0.7.5.tar.gz", hash = "sha256:87683d47965c1da65cdacaf31c8441d12b8044cdec9aca500cd78fc2c683afca"},
]
prompt-toolkit = [
    {file = "prompt_toolkit-3.0.19-py3-none-any.whl", hash = "sha256:7089d8d2938043508aa9420ec18ce0922885304cddae87fb96eebca942299f88"},
    {file = "prompt_toolkit-3.0.19.tar.gz", hash = "sha256:08360ee3a3148bdb5163621709ee322ec34fc4375099afa4bbf751e9b7b7fa4f"},
]
ptyprocess = [
    {file = "ptyprocess-0.7.0-py2.py3-none-any.whl", hash = "sha256:4b41f3967fce3af57cc7e94b888626c18bf37a083e3651ca8feeb66d492fef35"},
    {file = "ptyprocess-0.7.0.tar.gz", hash = "sha256:5c5d0a3b48ceee0b48485e0c26037c0acd7d29765ca3fbb5cb3831d347423220"},
]
pygments = [
    {file = "Pygments-2.9.0-py3-none-any.whl", hash = "sha256:d66e804411278594d764fc69ec36ec13d9ae9147193a1740cd34d272ca383b8e"},
    {file = "Pygments-2.9.0.tar.gz", hash = "sha256:a18f47b506a429f6f4b9df81bb02beab9ca21d0a5fee38ed15aef65f0545519f"},
]
python-dateutil = [
    {file = "python-dateutil-2.8.1.tar.gz", hash = "sha256:73ebfe9dbf22e832286dafa60473e4cd239f8592f699aa5adaf10050e6e1823c"},
    {file = "python_dateutil-2.8.1-py2.py3-none-any.whl", hash = "sha256:75bb3f31ea686f1197762692a9ee6a7550b59fc6ca3a1f4b5d7e32fb98e2da2a"},
]
python-snappy = [
    {file = "python-snappy-0.6.0.tar.gz", hash = "sha256:168a98d3f597b633cfeeae7fe1c78a8dfd81f018b866cf7ce9e4c56086af891a"},
    {file = "python_snappy-0.6.0-cp27-cp27m-macosx_10_9_x86_64.whl", hash = "sha256:36017d60beaab06eee3f197f685f5bc44801e7847753848b66d2beef73ed4e62"},
    {file = "python_snappy-0.6.0-cp27-cp27m-manylinux1_i686.whl", hash = "sha256:8b392483ece13646514262900e65296c01d671453cc417e045e2970f4855decd"},
    {file = "python_snappy-0.6.0-cp27-cp27m-manylinux1_x86_64.whl", hash = "sha256:b4f25808d7d98954e51a581970e9968e23d6019d6aca9d9abc809e8b0a25a3a7"},
    {file = "python_snappy-0.6.0-cp27-cp27m-manylinux2010_i686.whl", hash = "sha256:0094411996b5c4e621fc44f8b733ba3594e4cb621374905fe9b64a9c98d6503d"},
    {file = "python_snappy-0.6.0-cp27-cp27m-manylinux2010_x86_64.whl", hash = "sha256:d9684a7ffb6e65313b92c2ec1934033c91d9fe8265c6cdd87412cf057d0066a5"},
    {file = "python_snappy-0.6.0-cp27-cp27mu-manylinux1_i686.whl", hash = "sha256:95be50dd65e6a46570642645ea2bbcd62bce5a58e822319b15dbdedfcd9fa717"},
    {file = "python_snappy-0.6.0-cp27-cp27mu-manylinux1_x86_64.whl", hash = "sha256:87f5994aef0a1f1fde01904421106c9006015d97e7b13aa72998f5a942093603"},
    {file = "python_snappy-0.6.0-cp35-cp35m-macosx_10_9_x86_64.whl", hash = "sha256:6ba085292a44e3f485d2831cb782204a83c990acace602aaef1fc6c2c69a3a5d"},
    {file = "python_snappy-0.6.0-cp35-cp35m-manylinux1_i686.whl", hash = "sha256:19a96759c8fc695986b691357bb2624bbc5190a2eb1839fb923fbc5aeec46a8f"},
    {file = "python_snappy-0.6.0-cp35-cp35m-manylinux1_x86_64.whl", hash = "sha256:71472441b63c0d5afbb9b81a19c0dafbaf073d8ab1bbfc70450ec81d3c4b86dc"},
    {file = "python_snappy-0.6.0-cp35-cp35m-manylinux2010_i686.whl", hash = "sha256:5abe02e95f8001b99ac7f283ef86162d9cf12bc2cb1dc8b6fb39195ac10393df"},
    {file = "python_snappy-0.6.0-cp35-cp35m-manylinux2010_x86_64.whl", hash = "sha256:f200c606e9302c992f831d504a83aa37f3f84b48215e454b44adff601a2705ea"},
    {file = "python_snappy-0.6.0-cp35-cp35m-manylinux2014_aarch64.whl", hash = "sha256:d4505e1b555ba6d42f691d78575c1c9ecd99045929f0a601192258b699d4dee4"},
    {file = "python_snappy-0.6.0-cp35-cp35m-manylinux2014_ppc64le.whl", hash = "sha256:7b785a5c3163c5b0d41dedb0795e973eea32ba3b336b412b3123ec45e8bbd73a"},
    {file = "python_snappy-0.6.0-cp35-cp35m-manylinux2014_s390x.whl", hash = "sha256:2ee33fb4115c03037297b852da05be4af5106aaa89cee48393edcab784a3e2b7"},
    {file = "python_snappy-0.6.0-cp35-cp35m-win32.whl", hash = "sha256:c238ab412aeacce3fc82a322a3a4f12b99bc9d456112e213a3e85bff594f64e6"},
    {file = "python_snappy-0.6.0-cp35-cp35m-win_amd64.whl", hash = "sha256:0cf6ff9006a9a68b6b7de0bedf815c6e7211b978d5f84b95e875c016e85e1645"},
    {file = "python_snappy-0.6.0-cp36-cp36m-macosx_10_9_x86_64.whl", hash = "sha256:16bd1aaff4c738eff6ab953467c51a2bfd8679a0c033aa5d8a17da5822646037"},
    {file = "python_snappy-0.6.0-cp36-cp36m-manylinux1_i686.whl", hash = "sha256:a5bf7a01b82ea3bbc7b1bd1e5060c9602ea664c8ffc31140fc9becc2fa175c4c"},
    {file = "python_snappy-0.6.0-cp36-cp36m-manylinux1_x86_64.whl", hash = "sha256:1ddc688d2164f3b99f1c7caf1cf137d70af201fe97fd727c5dbe7ec92ac0f1e6"},
    {file = "python_snappy-0.6.0-cp36-cp36m-manylinux2010_i686.whl", hash = "sha256:fd88b7b254d67fde2d8f3539e9ff6d8170573e546a0d430c629b2eb64fd35f37"},
    {file = "python_snappy-0.6.0-cp36-cp36m-manylinux2010_x86_64.whl", hash = "sha256:90537df2ba4a6da52ca55ab888d4d2ee410a3c4365d70bb4a2530d77afa992d6"},
    {file = "python_snappy-0.6.0-cp36-cp36m-manylinux2014_aarch64.whl", hash = "sha256:186755897c002a78cac75e7b943849fba52f18819c86c83d2bf8bf617a9fd04d"},
    {file = "python_snappy-0.6.0-cp36-cp36m-manylinux2014_ppc64le.whl", hash = "sha256:a3414e310ebed867709cfd903dd70ca5359491b3513dee97c64dc7306e526d66"},
    {file = "python_snappy-0.6.0-cp36-cp36m-manylinux2014_s390x.whl", hash = "sha256:738fb370d0dd6bca71b0d5402f001602e859ffd8c5dcd7bc8493ef49d0e44297"},
    {file = "python_snappy-0.6.0-cp36-cp36m-win32.whl", hash = "sha256:d64c7eefdef56a70d47c2a73955d2116d4ee64865313b488d6a64cfeb5ba5600"},
    {file = "python_snappy-0.6.0-cp36-cp36m-win_amd64.whl", hash = "sha256:217745ade5ecb95db9ff029de9f8574d9e9847943a8f4aec6c44ae21567b34d7"},
    {file = "python_snappy-0.6.0-cp37-cp37m-macosx_10_9_x86_64.whl", hash = "sha256:ae88dabe6ab63446f4a15b3ed206e0fc5c9de609d81d8d41b7dc083618ffd4fb"},
    {file = "python_snappy-0.6.0-cp37-cp37m-manylinux1_i686.whl", hash = "sha256:052b89ce69fd69af0bb6759450ae769807710fc97e92b5dbafc55c12231b7374"},
    {file = "python_snappy-0.6.0-cp37-cp37m-manylinux1_x86_64.whl", hash = "sha256:131edc7701d3def8b72ef6cd61ab491d9efd7b92976dbababb424d74b9c7b180"},
    {file = "python_snappy-0.6.0-cp37-cp37m-manylinux2010_i686.whl", hash = "sha256:a515d6ec630822d43e79c77abfd1a80b1b4b00ba7b366d4e1f100cd853508e0a"},
    {file = "python_snappy-0.6.0-cp37-cp37m-manylinux2010_x86_64.whl", hash = "sha256:0d0089ba7d07bb96667a0925c341d47562236d07377ed80aa5748b5993397ebc"},
    {file = "python_snappy-0.6.0-cp37-cp37m-manylinux2014_aarch64.whl", hash = "sha256:7cf48fb7bb598906c595ae90b502a1801e85540d7b7bcbba7faeb46534beec5a"},
    {file = "python_snappy-0.6.0-cp37-cp37m-manylinux2014_ppc64le.whl", hash = "sha256:f34008c8ec08c193a44ad5aa12a59bee768e32f33117c806562feda22a3397bd"},
    {file = "python_snappy-0.6.0-cp37-cp37m-manylinux2014_s390x.whl", hash = "sha256:317059e6432bf9f58b48c566891fe2c552048241365ec2b7259db9e7908dd605"},
    {file = "python_snappy-0.6.0-cp37-cp37m-win32.whl", hash = "sha256:55534761c2cd67cb5daae0adf96cf70cfa927365ce1dd8754b7f2e5580207c22"},
    {file = "python_snappy-0.6.0-cp37-cp37m-win_amd64.whl", hash = "sha256:cdfb9378eb00aca697f4539f4e14f61f2ccf984ee8c5496bf474795df372fade"},
    {file = "python_snappy-0.6.0-cp38-cp38-macosx_10_9_x86_64.whl", hash = "sha256:f1ef8efafef0cc0f81f36e709b30088004a163612a8c1bbddb7b007bfb1900ff"},
    {file = "python_snappy-0.6.0-cp38-cp38-manylinux1_i686.whl", hash = "sha256:d8cacada9824eafc8306fdd5f73ff57348c56f113e5676b86c29f92a71b6595f"},
    {file = "python_snappy-0.6.0-cp38-cp38-manylinux1_x86_64.whl", hash = "sha256:7ef899f2704784032a1f020e983b29ef5c519203ffd0d5a17ff5e1f751b8dba6"},
    {file = "python_snappy-0.6.0-cp38-cp38-manylinux2010_i686.whl", hash = "sha256:57ba1052560edf457e776ed31104e3aec6137e0946e2d3f9485c814546101ac1"},
    {file = "python_snappy-0.6.0-cp38-cp38-manylinux2010_x86_64.whl", hash = "sha256:5c06962e2675bcb8667c9c0325f9ca73b2bc2f1f49ff90b52fca2dbb996d1d65"},
    {file = "python_snappy-0.6.0-cp38-cp38-manylinux2014_aarch64.whl", hash = "sha256:90fea26840e6b163b735d32c3497aa82cfe7b590ec840f25bbaa091f9ba2324f"},
    {file = "python_snappy-0.6.0-cp38-cp38-manylinux2014_ppc64le.whl", hash = "sha256:d1ec57f0f91e76d9fa2bc3e2a0473c91d6feca6541ce41fac38d4581950ce31a"},
    {file = "python_snappy-0.6.0-cp38-cp38-manylinux2014_s390x.whl", hash = "sha256:af47c221ec28eb46d35b6875b1c9119b525c0fc2f36e0eb246af942c03d3066a"},
    {file = "python_snappy-0.6.0-cp38-cp38-win32.whl", hash = "sha256:f90fa653530d7a989e79580b9f5e804e8d6733c6f0d76535facf56d1e30492b5"},
    {file = "python_snappy-0.6.0-cp38-cp38-win_amd64.whl", hash = "sha256:e3b9d50f0e7fe89cc94a51f540d6085f483317556dfe8aa96a16d6f8f247f76a"},
    {file = "python_snappy-0.6.0-cp39-cp39-macosx_10_9_universal2.whl", hash = "sha256:9022e25a33ecadad1e5ff0cd1c6c60832ba3b4633b1a4d30e107b2a1bfad502d"},
    {file = "python_snappy-0.6.0-cp39-cp39-macosx_10_9_x86_64.whl", hash = "sha256:e17b56d64d86f519f5da1e64d5149ac93a6f093dc9338cd3e4066f51937c4c5c"},
    {file = "python_snappy-0.6.0-cp39-cp39-manylinux1_i686.whl", hash = "sha256:65be516490973f57c16962cdd511db56813fa5bcb96c627726580aa5cb967507"},
    {file = "python_snappy-0.6.0-cp39-cp39-manylinux1_x86_64.whl", hash = "sha256:2efb42b0fcfa77c361a13951393b33cca60c02144b857e919d26aa0778c44994"},
    {file = "python_snappy-0.6.0-cp39-cp39-manylinux2010_i686.whl", hash = "sha256:6a6b6311af0941151008f5c07f8ff906e27f3cbc2960c79f5c26c95ad21fa873"},
    {file = "python_snappy-0.6.0-cp39-cp39-manylinux2010_x86_64.whl", hash = "sha256:a2fae9ac351106b27f9506f34a3e9970d596fb0906b752c6fdc2e46596070ffe"},
    {file = "python_snappy-0.6.0-cp39-cp39-manylinux2014_aarch64.whl", hash = "sha256:f722f3fde021da707074f3b834fa2b89e3ebdc3766177c7f77e2055cc36ec2a3"},
    {file = "python_snappy-0.6.0-cp39-cp39-manylinux2014_ppc64le.whl", hash = "sha256:fe85cbf99291c2eb66b7d7f4a15dd1e1203ffd96d4c87b32408e3a23b8c894e5"},
    {file = "python_snappy-0.6.0-cp39-cp39-manylinux2014_s390x.whl", hash = "sha256:615098b7f77bfd8373cedbd51bbafa8f11524299a2c9daa85b377f6f276b4186"},
    {file = "python_snappy-0.6.0-cp39-cp39-win32.whl", hash = "sha256:5972dea9ead8a6bd5fa26b839e811a19977d1de446d1086ad2de6b0f95cba0d4"},
    {file = "python_snappy-0.6.0-cp39-cp39-win_amd64.whl", hash = "sha256:d65f6c3e5539d657b5914d28f2ea7f8f4aa86b333a4a7cdd9fdc34f7fe5be33a"},
    {file = "python_snappy-0.6.0-pp27-pypy_73-macosx_10_9_x86_64.whl", hash = "sha256:d9e97db64de3b6e58e26720b313c17bec701d38f393cf1576a06105f9dcdc2e8"},
    {file = "python_snappy-0.6.0-pp27-pypy_73-manylinux1_x86_64.whl", hash = "sha256:c00c6224881bed690e547fc9712831a955fc97064f211f888b00fe6df1501e98"},
    {file = "python_snappy-0.6.0-pp27-pypy_73-manylinux2010_x86_64.whl", hash = "sha256:d731cee6fae8904626b1af1edf56bd16d4c8e709afddc96bee785dd3345d209b"},
    {file = "python_snappy-0.6.0-pp36-pypy36_pp73-macosx_10_9_x86_64.whl", hash = "sha256:7e6d700b1f9be03e53c35a15b5bb51c473327d321632b64ecdab71542078ac2d"},
    {file = "python_snappy-0.6.0-pp36-pypy36_pp73-manylinux1_x86_64.whl", hash = "sha256:0439b4850eb36157d85ee348649f074654ef919794653a143acb1cb02c977e3a"},
    {file = "python_snappy-0.6.0-pp36-pypy36_pp73-manylinux2010_x86_64.whl", hash = "sha256:80e361065b87b5b65413cf45f2c9040fb85ed5329c1bccfbceca18ebee02a927"},
    {file = "python_snappy-0.6.0-pp36-pypy36_pp73-win32.whl", hash = "sha256:8d29b136799a3e059d22e37a3c80046e39d50baf1b0e973feb9450fbd7772fce"},
    {file = "python_snappy-0.6.0-pp37-pypy37_pp73-macosx_10_9_x86_64.whl", hash = "sha256:dc09e1a07895e4b5ec77fd83445ce835d9f2f4446967acbc4de2dc72e5bbae4a"},
    {file = "python_snappy-0.6.0-pp37-pypy37_pp73-manylinux1_x86_64.whl", hash = "sha256:2354d255f7bd0bb2fbca6422a866c3adf93ff739a67f5cee1111db1e1796fac3"},
    {file = "python_snappy-0.6.0-pp37-pypy37_pp73-manylinux2010_x86_64.whl", hash = "sha256:4e79fa210e839b783d9e3ae71e1d68fe9cd319a258a74545221b340bada186f8"},
    {file = "python_snappy-0.6.0-pp37-pypy37_pp73-win32.whl", hash = "sha256:70bb314e9bbbe072e094d5efde42f1e8fac64f1711acc89356c5d9851fc360cf"},
]
pytz = [
    {file = "pytz-2021.1-py2.py3-none-any.whl", hash = "sha256:eb10ce3e7736052ed3623d49975ce333bcd712c7bb19a58b9e2089d4057d0798"},
    {file = "pytz-2021.1.tar.gz", hash = "sha256:83a4a90894bf38e243cf052c8b58f381bfe9a7a483f6a9cab140bc7f702ac4da"},
]
six = [
    {file = "six-1.16.0-py2.py3-none-any.whl", hash = "sha256:8abb2f1d86890a2dfb989f9a77cfcfd3e47c2a354b01111771326f8aa26e0254"},
    {file = "six-1.16.0.tar.gz", hash = "sha256:1e61c37477a1626458e36f7b1d82aa5c9b094fa4802892072e49de9c60c4c926"},
]
traitlets = [
    {file = "traitlets-5.0.5-py3-none-any.whl", hash = "sha256:69ff3f9d5351f31a7ad80443c2674b7099df13cc41fc5fa6e2f6d3b0330b0426"},
    {file = "traitlets-5.0.5.tar.gz", hash = "sha256:178f4ce988f69189f7e523337a3e11d91c786ded9360174a3d9ca83e79bc5396"},
]
wcwidth = [
    {file = "wcwidth-0.2.5-py2.py3-none-any.whl", hash = "sha256:beb4802a9cebb9144e99086eff703a642a13d6a0052920003a230f3294bbe784"},
    {file = "wcwidth-0.2.5.tar.gz", hash = "sha256:c4d647b99872929fdb7bdcaa4fbe7f01413ed3d98077df798530e5b04f116c83"},
]
